
Microsoft Visual Studio Solution File, Format Version 12.00
# Visual Studio Version 17
VisualStudioVersion = 17.4.33213.308
MinimumVisualStudioVersion = 10.0.40219.1
Project("{F184B08F-C81C-45F6-A57F-5ABD9991F28F}") = "Tarea 1 LP3 Secion 2000 Jorge Hidalgo", "Tarea 1 LP3 Secion 2000 Jorge Hidalgo\Tarea 1 LP3 Secion 2000 Jorge Hidalgo.vbproj", "{AD1A3DD0-9EEA-4BE7-BC88-77AD4F8ACC26}"
EndProject
Global
	GlobalSection(SolutionConfigurationPlatforms) = preSolution
		Debug|Any CPU = Debug|Any CPU
		Release|Any CPU = Release|Any CPU
	EndGlobalSection
	GlobalSection(ProjectConfigurationPlatforms) = postSolution
		{AD1A3DD0-9EEA-4BE7-BC88-77AD4F8ACC26}.Debug|Any CPU.ActiveCfg = Debug|Any CPU
		{AD1A3DD0-9EEA-4BE7-BC88-77AD4F8ACC26}.Debug|Any CPU.Build.0 = Debug|Any CPU
		{AD1A3DD0-9EEA-4BE7-BC88-77AD4F8ACC26}.Release|Any CPU.ActiveCfg = Release|Any CPU
		{AD1A3DD0-9EEA-4BE7-BC88-77AD4F8ACC26}.Release|Any CPU.Build.0 = Release|Any CPU
	EndGlobalSection
	GlobalSection(SolutionProperties) = preSolution
		HideSolutionNode = FALSE
	EndGlobalSection
	GlobalSection(ExtensibilityGlobals) = postSolution
		SolutionGuid = {4A718FEA-0D24-4C93-861E-257CE445C8BA}
	EndGlobalSection
EndGlobal
